
Microsoft Visual Studio Solution File, Format Version 12.00
Project("{FAE04EC0-301F-11D3-BF4B-00C04F79EFBC}") = "Calender", "Calender\Calender.csproj", "{8A1213B0-8E00-406B-8F4C-B227F2A56F66}"
EndProject
Project("{FAE04EC0-301F-11D3-BF4B-00C04F79EFBC}") = "Schedule", "Schedule\Schedule.csproj", "{091C7151-4F5A-40CA-BEBC-6DCD972E88CA}"
EndProject
Global
	GlobalSection(SolutionConfigurationPlatforms) = preSolution
		Debug|Any CPU = Debug|Any CPU
		Release|Any CPU = Release|Any CPU
	EndGlobalSection
	GlobalSection(ProjectConfigurationPlatforms) = postSolution
		{8A1213B0-8E00-406B-8F4C-B227F2A56F66}.Debug|Any CPU.ActiveCfg = Debug|Any CPU
		{8A1213B0-8E00-406B-8F4C-B227F2A56F66}.Debug|Any CPU.Build.0 = Debug|Any CPU
		{8A1213B0-8E00-406B-8F4C-B227F2A56F66}.Release|Any CPU.ActiveCfg = Release|Any CPU
		{8A1213B0-8E00-406B-8F4C-B227F2A56F66}.Release|Any CPU.Build.0 = Release|Any CPU
		{091C7151-4F5A-40CA-BEBC-6DCD972E88CA}.Debug|Any CPU.ActiveCfg = Debug|Any CPU
		{091C7151-4F5A-40CA-BEBC-6DCD972E88CA}.Debug|Any CPU.Build.0 = Debug|Any CPU
		{091C7151-4F5A-40CA-BEBC-6DCD972E88CA}.Release|Any CPU.ActiveCfg = Release|Any CPU
		{091C7151-4F5A-40CA-BEBC-6DCD972E88CA}.Release|Any CPU.Build.0 = Release|Any CPU
	EndGlobalSection
EndGlobal
